
Microsoft Visual Studio Solution File, Format Version 12.00
# Visual Studio Version 16
VisualStudioVersion = 16.0.30104.148
MinimumVisualStudioVersion = 10.0.40219.1
Project("{FAE04EC0-301F-11D3-BF4B-00C04F79EFBC}") = "TaskPlanner.Server", "Server\TaskPlanner.Server.csproj", "{6CDCF369-87C8-475F-B6BD-AEC673F2B879}"
EndProject
Project("{FAE04EC0-301F-11D3-BF4B-00C04F79EFBC}") = "TaskPlanner.Client", "Client\TaskPlanner.Client.csproj", "{55656D33-D611-4FA0-9005-ED46C907261A}"
EndProject
Project("{FAE04EC0-301F-11D3-BF4B-00C04F79EFBC}") = "TaskPlanner.Shared", "Shared\TaskPlanner.Shared.csproj", "{37CCB8E7-B5D9-4665-8581-4774CD58C31C}"
EndProject
Global
	GlobalSection(SolutionConfigurationPlatforms) = preSolution
		Debug|Any CPU = Debug|Any CPU
		Release|Any CPU = Release|Any CPU
	EndGlobalSection
	GlobalSection(ProjectConfigurationPlatforms) = postSolution
		{6CDCF369-87C8-475F-B6BD-AEC673F2B879}.Debug|Any CPU.ActiveCfg = Debug|Any CPU
		{6CDCF369-87C8-475F-B6BD-AEC673F2B879}.Debug|Any CPU.Build.0 = Debug|Any CPU
		{6CDCF369-87C8-475F-B6BD-AEC673F2B879}.Release|Any CPU.ActiveCfg = Release|Any CPU
		{6CDCF369-87C8-475F-B6BD-AEC673F2B879}.Release|Any CPU.Build.0 = Release|Any CPU
		{55656D33-D611-4FA0-9005-ED46C907261A}.Debug|Any CPU.ActiveCfg = Debug|Any CPU
		{55656D33-D611-4FA0-9005-ED46C907261A}.Debug|Any CPU.Build.0 = Debug|Any CPU
		{55656D33-D611-4FA0-9005-ED46C907261A}.Release|Any CPU.ActiveCfg = Release|Any CPU
		{55656D33-D611-4FA0-9005-ED46C907261A}.Release|Any CPU.Build.0 = Release|Any CPU
		{37CCB8E7-B5D9-4665-8581-4774CD58C31C}.Debug|Any CPU.ActiveCfg = Debug|Any CPU
		{37CCB8E7-B5D9-4665-8581-4774CD58C31C}.Debug|Any CPU.Build.0 = Debug|Any CPU
		{37CCB8E7-B5D9-4665-8581-4774CD58C31C}.Release|Any CPU.ActiveCfg = Release|Any CPU
		{37CCB8E7-B5D9-4665-8581-4774CD58C31C}.Release|Any CPU.Build.0 = Release|Any CPU
	EndGlobalSection
	GlobalSection(SolutionProperties) = preSolution
		HideSolutionNode = FALSE
	EndGlobalSection
	GlobalSection(ExtensibilityGlobals) = postSolution
		SolutionGuid = {9A4ED599-4213-4DF2-B596-AE395D738592}
	EndGlobalSection
EndGlobal
